
Microsoft Visual Studio Solution File, Format Version 12.00
# Visual Studio Version 17
VisualStudioVersion = 17.10.34928.147
MinimumVisualStudioVersion = 10.0.40219.1
Project("{FAE04EC0-301F-11D3-BF4B-00C04F79EFBC}") = "Agenda_De_Contactos", "Agenda_De_Contactos.csproj", "{5EF538C2-E537-4C2E-A2D6-73B86BF9FC8B}"
EndProject
Global
	GlobalSection(SolutionConfigurationPlatforms) = preSolution
		Debug|Any CPU = Debug|Any CPU
		Release|Any CPU = Release|Any CPU
	EndGlobalSection
	GlobalSection(ProjectConfigurationPlatforms) = postSolution
		{5EF538C2-E537-4C2E-A2D6-73B86BF9FC8B}.Debug|Any CPU.ActiveCfg = Debug|Any CPU
		{5EF538C2-E537-4C2E-A2D6-73B86BF9FC8B}.Debug|Any CPU.Build.0 = Debug|Any CPU
		{5EF538C2-E537-4C2E-A2D6-73B86BF9FC8B}.Release|Any CPU.ActiveCfg = Release|Any CPU
		{5EF538C2-E537-4C2E-A2D6-73B86BF9FC8B}.Release|Any CPU.Build.0 = Release|Any CPU
	EndGlobalSection
	GlobalSection(SolutionProperties) = preSolution
		HideSolutionNode = FALSE
	EndGlobalSection
	GlobalSection(ExtensibilityGlobals) = postSolution
		SolutionGuid = {206230FD-8112-44AD-80A6-D4B6B486C62F}
	EndGlobalSection
EndGlobal
